
Microsoft Visual Studio Solution File, Format Version 12.00
# Visual Studio 15
VisualStudioVersion = 15.0.28307.852
MinimumVisualStudioVersion = 10.0.40219.1
Project("{FAE04EC0-301F-11D3-BF4B-00C04F79EFBC}") = "Frequency of the word (the)", "Frequency of the word (the)\Frequency of the word (the).csproj", "{6F0F874B-ECDD-4796-A832-C521DC03AA5E}"
EndProject
Global
	GlobalSection(SolutionConfigurationPlatforms) = preSolution
		Debug|Any CPU = Debug|Any CPU
		Release|Any CPU = Release|Any CPU
	EndGlobalSection
	GlobalSection(ProjectConfigurationPlatforms) = postSolution
		{6F0F874B-ECDD-4796-A832-C521DC03AA5E}.Debug|Any CPU.ActiveCfg = Debug|Any CPU
		{6F0F874B-ECDD-4796-A832-C521DC03AA5E}.Debug|Any CPU.Build.0 = Debug|Any CPU
		{6F0F874B-ECDD-4796-A832-C521DC03AA5E}.Release|Any CPU.ActiveCfg = Release|Any CPU
		{6F0F874B-ECDD-4796-A832-C521DC03AA5E}.Release|Any CPU.Build.0 = Release|Any CPU
	EndGlobalSection
	GlobalSection(SolutionProperties) = preSolution
		HideSolutionNode = FALSE
	EndGlobalSection
	GlobalSection(ExtensibilityGlobals) = postSolution
		SolutionGuid = {06EB12B7-F8CE-4CC1-AA12-9674CDDF903F}
	EndGlobalSection
EndGlobal
